// !$*UTF8*$!
{
	archiveVersion = 1;
	classes = {
	};
	objectVersion = 55;
	objects = {

/* Begin PBXBuildFile section */
		042F1C7D289D9A3200F1E0A7 /* listWords.txt in Resources */ = {isa = PBXBuildFile; fileRef = 042F1C7C289D9A3200F1E0A7 /* listWords.txt */; };
		043F2C5E289D685000BBB3F9 /* PositionAssistant.swift in Sources */ = {isa = PBXBuildFile; fileRef = 043F2C5D289D685000BBB3F9 /* PositionAssistant.swift */; };
		047441EB288B0FE40098414B /* TranslateManager.swift in Sources */ = {isa = PBXBuildFile; fileRef = 047441EA288B0FE40098414B /* TranslateManager.swift */; };
		0477C3522882BD9E0013C5A3 /* LibraryViewController.swift in Sources */ = {isa = PBXBuildFile; fileRef = 0477C3512882BD9E0013C5A3 /* LibraryViewController.swift */; };
		0482F0AC28815A0900EB5F62 /* .gitignore in Resources */ = {isa = PBXBuildFile; fileRef = 0482F0AB28815A0900EB5F62 /* .gitignore */; };
		0482F0AE28815A8700EB5F62 /* SearchViewController.swift in Sources */ = {isa = PBXBuildFile; fileRef = 0482F0AD28815A8700EB5F62 /* SearchViewController.swift */; };
		0482F0B028815E2300EB5F62 /* NetworkManage.swift in Sources */ = {isa = PBXBuildFile; fileRef = 0482F0AF28815E2300EB5F62 /* NetworkManage.swift */; };
		0482F0B528815F9D00EB5F62 /* Search.swift in Sources */ = {isa = PBXBuildFile; fileRef = 0482F0B428815F9D00EB5F62 /* Search.swift */; };
		0482F0B72881714A00EB5F62 /* Link.swift in Sources */ = {isa = PBXBuildFile; fileRef = 0482F0B62881714A00EB5F62 /* Link.swift */; };
		0482F0B9288187DD00EB5F62 /* DetailViewController.swift in Sources */ = {isa = PBXBuildFile; fileRef = 0482F0B8288187DD00EB5F62 /* DetailViewController.swift */; };
		049559EE287C68F000B482F8 /* AppDelegate.swift in Sources */ = {isa = PBXBuildFile; fileRef = 049559ED287C68F000B482F8 /* AppDelegate.swift */; };
		049559F2287C68F000B482F8 /* PageViewController.swift in Sources */ = {isa = PBXBuildFile; fileRef = 049559F1287C68F000B482F8 /* PageViewController.swift */; };
		049559F7287C68F200B482F8 /* Assets.xcassets in Resources */ = {isa = PBXBuildFile; fileRef = 049559F6287C68F200B482F8 /* Assets.xcassets */; };
		049559FA287C68F200B482F8 /* LaunchScreen.storyboard in Resources */ = {isa = PBXBuildFile; fileRef = 049559F8287C68F200B482F8 /* LaunchScreen.storyboard */; };
		049F0CB7288943540061538C /* CollectionMyLibraryCell.swift in Sources */ = {isa = PBXBuildFile; fileRef = 049F0CB6288943540061538C /* CollectionMyLibraryCell.swift */; };
		049F0CB928896E4A0061538C /* StartTabBarController.swift in Sources */ = {isa = PBXBuildFile; fileRef = 049F0CB828896E4A0061538C /* StartTabBarController.swift */; };
		049F0CBB28896F5E0061538C /* DictionaryTableViewController.swift in Sources */ = {isa = PBXBuildFile; fileRef = 049F0CBA28896F5E0061538C /* DictionaryTableViewController.swift */; };
		049F0CC1288AC1690061538C /* DatabaseWords.swift in Sources */ = {isa = PBXBuildFile; fileRef = 049F0CC0288AC1690061538C /* DatabaseWords.swift */; };
		04A87175288889AF00A719DD /* English Book.xcdatamodeld in Sources */ = {isa = PBXBuildFile; fileRef = 04A87173288889AF00A719DD /* English Book.xcdatamodeld */; };
		04A8717A28888DEB00A719DD /* StorageManager.swift in Sources */ = {isa = PBXBuildFile; fileRef = 04A8717928888DEB00A719DD /* StorageManager.swift */; };
		04A8B4DD287D90060012A9E1 /* WordCollectionViewCell.swift in Sources */ = {isa = PBXBuildFile; fileRef = 04A8B4DC287D90060012A9E1 /* WordCollectionViewCell.swift */; };
		04ADFA1B288C1CBF003AB6AA /* TextAssistant.swift in Sources */ = {isa = PBXBuildFile; fileRef = 04ADFA1A288C1CBF003AB6AA /* TextAssistant.swift */; };
		04ADFA1D288C4EDC003AB6AA /* TestViewController.swift in Sources */ = {isa = PBXBuildFile; fileRef = 04ADFA1C288C4EDC003AB6AA /* TestViewController.swift */; };
		04C0CB0A289C118200DBB89C /* PagePresenter.swift in Sources */ = {isa = PBXBuildFile; fileRef = 04C0CB09289C118200DBB89C /* PagePresenter.swift */; };
		04C0CB0C289C11B600DBB89C /* PageInteractor.swift in Sources */ = {isa = PBXBuildFile; fileRef = 04C0CB0B289C11B600DBB89C /* PageInteractor.swift */; };
		04C0CB0E289C150900DBB89C /* PageConfigurator.swift in Sources */ = {isa = PBXBuildFile; fileRef = 04C0CB0D289C150900DBB89C /* PageConfigurator.swift */; };
		04C0CB10289C3CAE00DBB89C /* CalculationWidthLabel.swift in Sources */ = {isa = PBXBuildFile; fileRef = 04C0CB0F289C3CAE00DBB89C /* CalculationWidthLabel.swift */; };
		3B013523C0B4AB4B7B726160 /* Pods_English_Book.framework in Frameworks */ = {isa = PBXBuildFile; fileRef = DD39BF4DBDAAE65F09C8EED7 /* Pods_English_Book.framework */; };
/* End PBXBuildFile section */

/* Begin PBXFileReference section */
		042F1C7C289D9A3200F1E0A7 /* listWords.txt */ = {isa = PBXFileReference; lastKnownFileType = text; path = listWords.txt; sourceTree = "<group>"; };
		043F2C5D289D685000BBB3F9 /* PositionAssistant.swift */ = {isa = PBXFileReference; lastKnownFileType = sourcecode.swift; path = PositionAssistant.swift; sourceTree = "<group>"; };
		047441EA288B0FE40098414B /* TranslateManager.swift */ = {isa = PBXFileReference; lastKnownFileType = sourcecode.swift; path = TranslateManager.swift; sourceTree = "<group>"; };
		0477C3512882BD9E0013C5A3 /* LibraryViewController.swift */ = {isa = PBXFileReference; lastKnownFileType = sourcecode.swift; path = LibraryViewController.swift; sourceTree = "<group>"; };
		0482F0AB28815A0900EB5F62 /* .gitignore */ = {isa = PBXFileReference; lastKnownFileType = text; path = .gitignore; sourceTree = "<group>"; };
		0482F0AD28815A8700EB5F62 /* SearchViewController.swift */ = {isa = PBXFileReference; lastKnownFileType = sourcecode.swift; path = SearchViewController.swift; sourceTree = "<group>"; };
		0482F0AF28815E2300EB5F62 /* NetworkManage.swift */ = {isa = PBXFileReference; lastKnownFileType = sourcecode.swift; path = NetworkManage.swift; sourceTree = "<group>"; };
		0482F0B428815F9D00EB5F62 /* Search.swift */ = {isa = PBXFileReference; lastKnownFileType = sourcecode.swift; path = Search.swift; sourceTree = "<group>"; };
		0482F0B62881714A00EB5F62 /* Link.swift */ = {isa = PBXFileReference; lastKnownFileType = sourcecode.swift; path = Link.swift; sourceTree = "<group>"; };
		0482F0B8288187DD00EB5F62 /* DetailViewController.swift */ = {isa = PBXFileReference; lastKnownFileType = sourcecode.swift; path = DetailViewController.swift; sourceTree = "<group>"; };
		049559EA287C68F000B482F8 /* English Book.app */ = {isa = PBXFileReference; explicitFileType = wrapper.application; includeInIndex = 0; path = "English Book.app"; sourceTree = BUILT_PRODUCTS_DIR; };
		049559ED287C68F000B482F8 /* AppDelegate.swift */ = {isa = PBXFileReference; lastKnownFileType = sourcecode.swift; path = AppDelegate.swift; sourceTree = "<group>"; };
		049559F1287C68F000B482F8 /* PageViewController.swift */ = {isa = PBXFileReference; lastKnownFileType = sourcecode.swift; path = PageViewController.swift; sourceTree = "<group>"; };
		049559F6287C68F200B482F8 /* Assets.xcassets */ = {isa = PBXFileReference; lastKnownFileType = folder.assetcatalog; path = Assets.xcassets; sourceTree = "<group>"; };
		049559F9287C68F200B482F8 /* Base */ = {isa = PBXFileReference; lastKnownFileType = file.storyboard; name = Base; path = Base.lproj/LaunchScreen.storyboard; sourceTree = "<group>"; };
		049559FB287C68F200B482F8 /* Info.plist */ = {isa = PBXFileReference; lastKnownFileType = text.plist.xml; path = Info.plist; sourceTree = "<group>"; };
		049F0CB6288943540061538C /* CollectionMyLibraryCell.swift */ = {isa = PBXFileReference; lastKnownFileType = sourcecode.swift; path = CollectionMyLibraryCell.swift; sourceTree = "<group>"; };
		049F0CB828896E4A0061538C /* StartTabBarController.swift */ = {isa = PBXFileReference; lastKnownFileType = sourcecode.swift; path = StartTabBarController.swift; sourceTree = "<group>"; };
		049F0CBA28896F5E0061538C /* DictionaryTableViewController.swift */ = {isa = PBXFileReference; lastKnownFileType = sourcecode.swift; path = DictionaryTableViewController.swift; sourceTree = "<group>"; };
		049F0CC0288AC1690061538C /* DatabaseWords.swift */ = {isa = PBXFileReference; lastKnownFileType = sourcecode.swift; path = DatabaseWords.swift; sourceTree = "<group>"; };
		04A87174288889AF00A719DD /* English Book.xcdatamodel */ = {isa = PBXFileReference; lastKnownFileType = wrapper.xcdatamodel; path = "English Book.xcdatamodel"; sourceTree = "<group>"; };
		04A8717928888DEB00A719DD /* StorageManager.swift */ = {isa = PBXFileReference; lastKnownFileType = sourcecode.swift; path = StorageManager.swift; sourceTree = "<group>"; };
		04A8B4DC287D90060012A9E1 /* WordCollectionViewCell.swift */ = {isa = PBXFileReference; lastKnownFileType = sourcecode.swift; path = WordCollectionViewCell.swift; sourceTree = "<group>"; };
		04ADFA1A288C1CBF003AB6AA /* TextAssistant.swift */ = {isa = PBXFileReference; lastKnownFileType = sourcecode.swift; path = TextAssistant.swift; sourceTree = "<group>"; };
		04ADFA1C288C4EDC003AB6AA /* TestViewController.swift */ = {isa = PBXFileReference; lastKnownFileType = sourcecode.swift; path = TestViewController.swift; sourceTree = "<group>"; };
		04C0CB09289C118200DBB89C /* PagePresenter.swift */ = {isa = PBXFileReference; lastKnownFileType = sourcecode.swift; path = PagePresenter.swift; sourceTree = "<group>"; };
		04C0CB0B289C11B600DBB89C /* PageInteractor.swift */ = {isa = PBXFileReference; lastKnownFileType = sourcecode.swift; path = PageInteractor.swift; sourceTree = "<group>"; };
		04C0CB0D289C150900DBB89C /* PageConfigurator.swift */ = {isa = PBXFileReference; lastKnownFileType = sourcecode.swift; path = PageConfigurator.swift; sourceTree = "<group>"; };
		04C0CB0F289C3CAE00DBB89C /* CalculationWidthLabel.swift */ = {isa = PBXFileReference; lastKnownFileType = sourcecode.swift; path = CalculationWidthLabel.swift; sourceTree = "<group>"; };
		34405F7DCBE949490131A513 /* Pods-English Book.release.xcconfig */ = {isa = PBXFileReference; includeInIndex = 1; lastKnownFileType = text.xcconfig; name = "Pods-English Book.release.xcconfig"; path = "Target Support Files/Pods-English Book/Pods-English Book.release.xcconfig"; sourceTree = "<group>"; };
		7E4CFC68CCF554B60FB16E54 /* Pods-English Book.debug.xcconfig */ = {isa = PBXFileReference; includeInIndex = 1; lastKnownFileType = text.xcconfig; name = "Pods-English Book.debug.xcconfig"; path = "Target Support Files/Pods-English Book/Pods-English Book.debug.xcconfig"; sourceTree = "<group>"; };
		DD39BF4DBDAAE65F09C8EED7 /* Pods_English_Book.framework */ = {isa = PBXFileReference; explicitFileType = wrapper.framework; includeInIndex = 0; path = Pods_English_Book.framework; sourceTree = BUILT_PRODUCTS_DIR; };
/* End PBXFileReference section */

/* Begin PBXFrameworksBuildPhase section */
		049559E7287C68F000B482F8 /* Frameworks */ = {
			isa = PBXFrameworksBuildPhase;
			buildActionMask = 2147483647;
			files = (
				3B013523C0B4AB4B7B726160 /* Pods_English_Book.framework in Frameworks */,
			);
			runOnlyForDeploymentPostprocessing = 0;
		};
/* End PBXFrameworksBuildPhase section */

/* Begin PBXGroup section */
		0477C3552882C5DB0013C5A3 /* Helpers */ = {
			isa = PBXGroup;
			children = (
				04ADFA1A288C1CBF003AB6AA /* TextAssistant.swift */,
				04C0CB0F289C3CAE00DBB89C /* CalculationWidthLabel.swift */,
				043F2C5D289D685000BBB3F9 /* PositionAssistant.swift */,
			);
			path = Helpers;
			sourceTree = "<group>";
		};
		0482F0B128815EF500EB5F62 /* Model */ = {
			isa = PBXGroup;
			children = (
				0482F0B428815F9D00EB5F62 /* Search.swift */,
			);
			path = Model;
			sourceTree = "<group>";
		};
		0482F0B228815F0400EB5F62 /* Sistem */ = {
			isa = PBXGroup;
			children = (
				042F1C7C289D9A3200F1E0A7 /* listWords.txt */,
				049559ED287C68F000B482F8 /* AppDelegate.swift */,
				049559FB287C68F200B482F8 /* Info.plist */,
				0482F0AB28815A0900EB5F62 /* .gitignore */,
				04A87173288889AF00A719DD /* English Book.xcdatamodeld */,
				049F0CC0288AC1690061538C /* DatabaseWords.swift */,
			);
			path = Sistem;
			sourceTree = "<group>";
		};
		0482F0B328815F6D00EB5F62 /* NetworkManage */ = {
			isa = PBXGroup;
			children = (
				0482F0AF28815E2300EB5F62 /* NetworkManage.swift */,
				0482F0B62881714A00EB5F62 /* Link.swift */,
			);
			path = NetworkManage;
			sourceTree = "<group>";
		};
		049559E1287C68F000B482F8 = {
			isa = PBXGroup;
			children = (
				049559EC287C68F000B482F8 /* English Book */,
				049559EB287C68F000B482F8 /* Products */,
				2B11210336BB2B7D10B91578 /* Pods */,
				D2D2CA8777E45ECD96C8B5A4 /* Frameworks */,
			);
			sourceTree = "<group>";
		};
		049559EB287C68F000B482F8 /* Products */ = {
			isa = PBXGroup;
			children = (
				049559EA287C68F000B482F8 /* English Book.app */,
			);
			name = Products;
			sourceTree = "<group>";
		};
		049559EC287C68F000B482F8 /* English Book */ = {
			isa = PBXGroup;
			children = (
				049F0CB828896E4A0061538C /* StartTabBarController.swift */,
				049F0CB5288943170061538C /* LibraryViewController */,
				049F0CBA28896F5E0061538C /* DictionaryTableViewController.swift */,
				04ADFA1C288C4EDC003AB6AA /* TestViewController.swift */,
				0482F0AD28815A8700EB5F62 /* SearchViewController.swift */,
				0482F0B8288187DD00EB5F62 /* DetailViewController.swift */,
				04C0CB08289C041E00DBB89C /* Page */,
				0482F0B128815EF500EB5F62 /* Model */,
				04A8717628888D9B00A719DD /* StorageManager */,
				0482F0B328815F6D00EB5F62 /* NetworkManage */,
				0477C3552882C5DB0013C5A3 /* Helpers */,
				0482F0B228815F0400EB5F62 /* Sistem */,
				049559F6287C68F200B482F8 /* Assets.xcassets */,
				049559F8287C68F200B482F8 /* LaunchScreen.storyboard */,
			);
			path = "English Book";
			sourceTree = "<group>";
		};
		049F0CB4288942DD0061538C /* WordCollectionViewCell */ = {
			isa = PBXGroup;
			children = (
				04A8B4DC287D90060012A9E1 /* WordCollectionViewCell.swift */,
			);
			path = WordCollectionViewCell;
			sourceTree = "<group>";
		};
		049F0CB5288943170061538C /* LibraryViewController */ = {
			isa = PBXGroup;
			children = (
				0477C3512882BD9E0013C5A3 /* LibraryViewController.swift */,
				049F0CB6288943540061538C /* CollectionMyLibraryCell.swift */,
			);
			path = LibraryViewController;
			sourceTree = "<group>";
		};
		04A8717628888D9B00A719DD /* StorageManager */ = {
			isa = PBXGroup;
			children = (
				04A8717928888DEB00A719DD /* StorageManager.swift */,
				047441EA288B0FE40098414B /* TranslateManager.swift */,
			);
			path = StorageManager;
			sourceTree = "<group>";
		};
		04C0CB08289C041E00DBB89C /* Page */ = {
			isa = PBXGroup;
			children = (
				049F0CB4288942DD0061538C /* WordCollectionViewCell */,
				049559F1287C68F000B482F8 /* PageViewController.swift */,
				04C0CB09289C118200DBB89C /* PagePresenter.swift */,
				04C0CB0B289C11B600DBB89C /* PageInteractor.swift */,
				04C0CB0D289C150900DBB89C /* PageConfigurator.swift */,
			);
			path = Page;
			sourceTree = "<group>";
		};
		2B11210336BB2B7D10B91578 /* Pods */ = {
			isa = PBXGroup;
			children = (
				7E4CFC68CCF554B60FB16E54 /* Pods-English Book.debug.xcconfig */,
				34405F7DCBE949490131A513 /* Pods-English Book.release.xcconfig */,
			);
			path = Pods;
			sourceTree = "<group>";
		};
		D2D2CA8777E45ECD96C8B5A4 /* Frameworks */ = {
			isa = PBXGroup;
			children = (
				DD39BF4DBDAAE65F09C8EED7 /* Pods_English_Book.framework */,
			);
			name = Frameworks;
			sourceTree = "<group>";
		};
/* End PBXGroup section */

/* Begin PBXNativeTarget section */
		049559E9287C68F000B482F8 /* English Book */ = {
			isa = PBXNativeTarget;
			buildConfigurationList = 049559FE287C68F200B482F8 /* Build configuration list for PBXNativeTarget "English Book" */;
			buildPhases = (
				D0121B10BD2656CD18D84483 /* [CP] Check Pods Manifest.lock */,
				049559E6287C68F000B482F8 /* Sources */,
				049559E7287C68F000B482F8 /* Frameworks */,
				049559E8287C68F000B482F8 /* Resources */,
				5424674B7F77917B59DBC7F6 /* [CP] Embed Pods Frameworks */,
			);
			buildRules = (
			);
			dependencies = (
			);
			name = "English Book";
			productName = "English Book";
			productReference = 049559EA287C68F000B482F8 /* English Book.app */;
			productType = "com.apple.product-type.application";
		};
/* End PBXNativeTarget section */

/* Begin PBXProject section */
		049559E2287C68F000B482F8 /* Project object */ = {
			isa = PBXProject;
			attributes = {
				BuildIndependentTargetsInParallel = 1;
				LastSwiftUpdateCheck = 1340;
				LastUpgradeCheck = 1340;
				TargetAttributes = {
					049559E9287C68F000B482F8 = {
						CreatedOnToolsVersion = 13.4;
					};
				};
			};
			buildConfigurationList = 049559E5287C68F000B482F8 /* Build configuration list for PBXProject "English Book" */;
			compatibilityVersion = "Xcode 13.0";
			developmentRegion = en;
			hasScannedForEncodings = 0;
			knownRegions = (
				en,
				Base,
			);
			mainGroup = 049559E1287C68F000B482F8;
			productRefGroup = 049559EB287C68F000B482F8 /* Products */;
			projectDirPath = "";
			projectRoot = "";
			targets = (
				049559E9287C68F000B482F8 /* English Book */,
			);
		};
/* End PBXProject section */

/* Begin PBXResourcesBuildPhase section */
		049559E8287C68F000B482F8 /* Resources */ = {
			isa = PBXResourcesBuildPhase;
			buildActionMask = 2147483647;
			files = (
				049559FA287C68F200B482F8 /* LaunchScreen.storyboard in Resources */,
				042F1C7D289D9A3200F1E0A7 /* listWords.txt in Resources */,
				0482F0AC28815A0900EB5F62 /* .gitignore in Resources */,
				049559F7287C68F200B482F8 /* Assets.xcassets in Resources */,
			);
			runOnlyForDeploymentPostprocessing = 0;
		};
/* End PBXResourcesBuildPhase section */

/* Begin PBXShellScriptBuildPhase section */
		5424674B7F77917B59DBC7F6 /* [CP] Embed Pods Frameworks */ = {
			isa = PBXShellScriptBuildPhase;
			buildActionMask = 2147483647;
			files = (
			);
			inputFileListPaths = (
				"${PODS_ROOT}/Target Support Files/Pods-English Book/Pods-English Book-frameworks-${CONFIGURATION}-input-files.xcfilelist",
			);
			name = "[CP] Embed Pods Frameworks";
			outputFileListPaths = (
				"${PODS_ROOT}/Target Support Files/Pods-English Book/Pods-English Book-frameworks-${CONFIGURATION}-output-files.xcfilelist",
			);
			runOnlyForDeploymentPostprocessing = 0;
			shellPath = /bin/sh;
			shellScript = "\"${PODS_ROOT}/Target Support Files/Pods-English Book/Pods-English Book-frameworks.sh\"\n";
			showEnvVarsInLog = 0;
		};
		D0121B10BD2656CD18D84483 /* [CP] Check Pods Manifest.lock */ = {
			isa = PBXShellScriptBuildPhase;
			buildActionMask = 2147483647;
			files = (
			);
			inputFileListPaths = (
			);
			inputPaths = (
				"${PODS_PODFILE_DIR_PATH}/Podfile.lock",
				"${PODS_ROOT}/Manifest.lock",
			);
			name = "[CP] Check Pods Manifest.lock";
			outputFileListPaths = (
			);
			outputPaths = (
				"$(DERIVED_FILE_DIR)/Pods-English Book-checkManifestLockResult.txt",
			);
			runOnlyForDeploymentPostprocessing = 0;
			shellPath = /bin/sh;
			shellScript = "diff \"${PODS_PODFILE_DIR_PATH}/Podfile.lock\" \"${PODS_ROOT}/Manifest.lock\" > /dev/null\nif [ $? != 0 ] ; then\n    # print error to STDERR\n    echo \"error: The sandbox is not in sync with the Podfile.lock. Run 'pod install' or update your CocoaPods installation.\" >&2\n    exit 1\nfi\n# This output is used by Xcode 'outputs' to avoid re-running this script phase.\necho \"SUCCESS\" > \"${SCRIPT_OUTPUT_FILE_0}\"\n";
			showEnvVarsInLog = 0;
		};
/* End PBXShellScriptBuildPhase section */

/* Begin PBXSourcesBuildPhase section */
		049559E6287C68F000B482F8 /* Sources */ = {
			isa = PBXSourcesBuildPhase;
			buildActionMask = 2147483647;
			files = (
				04A8B4DD287D90060012A9E1 /* WordCollectionViewCell.swift in Sources */,
				04C0CB0E289C150900DBB89C /* PageConfigurator.swift in Sources */,
				049F0CB928896E4A0061538C /* StartTabBarController.swift in Sources */,
				049F0CBB28896F5E0061538C /* DictionaryTableViewController.swift in Sources */,
				0482F0B72881714A00EB5F62 /* Link.swift in Sources */,
				0482F0B028815E2300EB5F62 /* NetworkManage.swift in Sources */,
				049559F2287C68F000B482F8 /* PageViewController.swift in Sources */,
				0482F0B528815F9D00EB5F62 /* Search.swift in Sources */,
				04A87175288889AF00A719DD /* English Book.xcdatamodeld in Sources */,
				049F0CC1288AC1690061538C /* DatabaseWords.swift in Sources */,
				04ADFA1D288C4EDC003AB6AA /* TestViewController.swift in Sources */,
				047441EB288B0FE40098414B /* TranslateManager.swift in Sources */,
				049F0CB7288943540061538C /* CollectionMyLibraryCell.swift in Sources */,
				0482F0AE28815A8700EB5F62 /* SearchViewController.swift in Sources */,
				04ADFA1B288C1CBF003AB6AA /* TextAssistant.swift in Sources */,
				0477C3522882BD9E0013C5A3 /* LibraryViewController.swift in Sources */,
				04C0CB0A289C118200DBB89C /* PagePresenter.swift in Sources */,
				04C0CB0C289C11B600DBB89C /* PageInteractor.swift in Sources */,
				049559EE287C68F000B482F8 /* AppDelegate.swift in Sources */,
				04C0CB10289C3CAE00DBB89C /* CalculationWidthLabel.swift in Sources */,
				043F2C5E289D685000BBB3F9 /* PositionAssistant.swift in Sources */,
				0482F0B9288187DD00EB5F62 /* DetailViewController.swift in Sources */,
				04A8717A28888DEB00A719DD /* StorageManager.swift in Sources */,
			);
			runOnlyForDeploymentPostprocessing = 0;
		};
/* End PBXSourcesBuildPhase section */

/* Begin PBXVariantGroup section */
		049559F8287C68F200B482F8 /* LaunchScreen.storyboard */ = {
			isa = PBXVariantGroup;
			children = (
				049559F9287C68F200B482F8 /* Base */,
			);
			name = LaunchScreen.storyboard;
			sourceTree = "<group>";
		};
/* End PBXVariantGroup section */

/* Begin XCBuildConfiguration section */
		049559FC287C68F200B482F8 /* Debug */ = {
			isa = XCBuildConfiguration;
			buildSettings = {
				ALWAYS_SEARCH_USER_PATHS = NO;
				CLANG_ANALYZER_NONNULL = YES;
				CLANG_ANALYZER_NUMBER_OBJECT_CONVERSION = YES_AGGRESSIVE;
				CLANG_CXX_LANGUAGE_STANDARD = "gnu++17";
				CLANG_ENABLE_MODULES = YES;
				CLANG_ENABLE_OBJC_ARC = YES;
				CLANG_ENABLE_OBJC_WEAK = YES;
				CLANG_WARN_BLOCK_CAPTURE_AUTORELEASING = YES;
				CLANG_WARN_BOOL_CONVERSION = YES;
				CLANG_WARN_COMMA = YES;
				CLANG_WARN_CONSTANT_CONVERSION = YES;
				CLANG_WARN_DEPRECATED_OBJC_IMPLEMENTATIONS = YES;
				CLANG_WARN_DIRECT_OBJC_ISA_USAGE = YES_ERROR;
				CLANG_WARN_DOCUMENTATION_COMMENTS = YES;
				CLANG_WARN_EMPTY_BODY = YES;
				CLANG_WARN_ENUM_CONVERSION = YES;
				CLANG_WARN_INFINITE_RECURSION = YES;
				CLANG_WARN_INT_CONVERSION = YES;
				CLANG_WARN_NON_LITERAL_NULL_CONVERSION = YES;
				CLANG_WARN_OBJC_IMPLICIT_RETAIN_SELF = YES;
				CLANG_WARN_OBJC_LITERAL_CONVERSION = YES;
				CLANG_WARN_OBJC_ROOT_CLASS = YES_ERROR;
				CLANG_WARN_QUOTED_INCLUDE_IN_FRAMEWORK_HEADER = YES;
				CLANG_WARN_RANGE_LOOP_ANALYSIS = YES;
				CLANG_WARN_STRICT_PROTOTYPES = YES;
				CLANG_WARN_SUSPICIOUS_MOVE = YES;
				CLANG_WARN_UNGUARDED_AVAILABILITY = YES_AGGRESSIVE;
				CLANG_WARN_UNREACHABLE_CODE = YES;
				CLANG_WARN__DUPLICATE_METHOD_MATCH = YES;
				COPY_PHASE_STRIP = NO;
				DEBUG_INFORMATION_FORMAT = dwarf;
				ENABLE_STRICT_OBJC_MSGSEND = YES;
				ENABLE_TESTABILITY = YES;
				GCC_C_LANGUAGE_STANDARD = gnu11;
				GCC_DYNAMIC_NO_PIC = NO;
				GCC_NO_COMMON_BLOCKS = YES;
				GCC_OPTIMIZATION_LEVEL = 0;
				GCC_PREPROCESSOR_DEFINITIONS = (
					"DEBUG=1",
					"$(inherited)",
				);
				GCC_WARN_64_TO_32_BIT_CONVERSION = YES;
				GCC_WARN_ABOUT_RETURN_TYPE = YES_ERROR;
				GCC_WARN_UNDECLARED_SELECTOR = YES;
				GCC_WARN_UNINITIALIZED_AUTOS = YES_AGGRESSIVE;
				GCC_WARN_UNUSED_FUNCTION = YES;
				GCC_WARN_UNUSED_VARIABLE = YES;
				IPHONEOS_DEPLOYMENT_TARGET = 15.5;
				MTL_ENABLE_DEBUG_INFO = INCLUDE_SOURCE;
				MTL_FAST_MATH = YES;
				ONLY_ACTIVE_ARCH = YES;
				SDKROOT = iphoneos;
				SWIFT_ACTIVE_COMPILATION_CONDITIONS = DEBUG;
				SWIFT_OPTIMIZATION_LEVEL = "-Onone";
			};
			name = Debug;
		};
		049559FD287C68F200B482F8 /* Release */ = {
			isa = XCBuildConfiguration;
			buildSettings = {
				ALWAYS_SEARCH_USER_PATHS = NO;
				CLANG_ANALYZER_NONNULL = YES;
				CLANG_ANALYZER_NUMBER_OBJECT_CONVERSION = YES_AGGRESSIVE;
				CLANG_CXX_LANGUAGE_STANDARD = "gnu++17";
				CLANG_ENABLE_MODULES = YES;
				CLANG_ENABLE_OBJC_ARC = YES;
				CLANG_ENABLE_OBJC_WEAK = YES;
				CLANG_WARN_BLOCK_CAPTURE_AUTORELEASING = YES;
				CLANG_WARN_BOOL_CONVERSION = YES;
				CLANG_WARN_COMMA = YES;
				CLANG_WARN_CONSTANT_CONVERSION = YES;
				CLANG_WARN_DEPRECATED_OBJC_IMPLEMENTATIONS = YES;
				CLANG_WARN_DIRECT_OBJC_ISA_USAGE = YES_ERROR;
				CLANG_WARN_DOCUMENTATION_COMMENTS = YES;
				CLANG_WARN_EMPTY_BODY = YES;
				CLANG_WARN_ENUM_CONVERSION = YES;
				CLANG_WARN_INFINITE_RECURSION = YES;
				CLANG_WARN_INT_CONVERSION = YES;
				CLANG_WARN_NON_LITERAL_NULL_CONVERSION = YES;
				CLANG_WARN_OBJC_IMPLICIT_RETAIN_SELF = YES;
				CLANG_WARN_OBJC_LITERAL_CONVERSION = YES;
				CLANG_WARN_OBJC_ROOT_CLASS = YES_ERROR;
				CLANG_WARN_QUOTED_INCLUDE_IN_FRAMEWORK_HEADER = YES;
				CLANG_WARN_RANGE_LOOP_ANALYSIS = YES;
				CLANG_WARN_STRICT_PROTOTYPES = YES;
				CLANG_WARN_SUSPICIOUS_MOVE = YES;
				CLANG_WARN_UNGUARDED_AVAILABILITY = YES_AGGRESSIVE;
				CLANG_WARN_UNREACHABLE_CODE = YES;
				CLANG_WARN__DUPLICATE_METHOD_MATCH = YES;
				COPY_PHASE_STRIP = NO;
				DEBUG_INFORMATION_FORMAT = "dwarf-with-dsym";
				ENABLE_NS_ASSERTIONS = NO;
				ENABLE_STRICT_OBJC_MSGSEND = YES;
				GCC_C_LANGUAGE_STANDARD = gnu11;
				GCC_NO_COMMON_BLOCKS = YES;
				GCC_WARN_64_TO_32_BIT_CONVERSION = YES;
				GCC_WARN_ABOUT_RETURN_TYPE = YES_ERROR;
				GCC_WARN_UNDECLARED_SELECTOR = YES;
				GCC_WARN_UNINITIALIZED_AUTOS = YES_AGGRESSIVE;
				GCC_WARN_UNUSED_FUNCTION = YES;
				GCC_WARN_UNUSED_VARIABLE = YES;
				IPHONEOS_DEPLOYMENT_TARGET = 15.5;
				MTL_ENABLE_DEBUG_INFO = NO;
				MTL_FAST_MATH = YES;
				SDKROOT = iphoneos;
				SWIFT_COMPILATION_MODE = wholemodule;
				SWIFT_OPTIMIZATION_LEVEL = "-O";
				VALIDATE_PRODUCT = YES;
			};
			name = Release;
		};
		049559FF287C68F200B482F8 /* Debug */ = {
			isa = XCBuildConfiguration;
			baseConfigurationReference = 7E4CFC68CCF554B60FB16E54 /* Pods-English Book.debug.xcconfig */;
			buildSettings = {
				ASSETCATALOG_COMPILER_APPICON_NAME = AppIcon;
				ASSETCATALOG_COMPILER_GLOBAL_ACCENT_COLOR_NAME = AccentColor;
				CODE_SIGN_STYLE = Automatic;
				CURRENT_PROJECT_VERSION = 1;
				DEVELOPMENT_TEAM = WZJ6JFW8X2;
				GENERATE_INFOPLIST_FILE = YES;
				INFOPLIST_FILE = "English Book/Sistem/Info.plist";
				INFOPLIST_KEY_UIApplicationSupportsIndirectInputEvents = YES;
				INFOPLIST_KEY_UILaunchStoryboardName = LaunchScreen;
				INFOPLIST_KEY_UISupportedInterfaceOrientations = UIInterfaceOrientationPortrait;
				INFOPLIST_KEY_UISupportedInterfaceOrientations_iPad = "UIInterfaceOrientationPortrait UIInterfaceOrientationPortraitUpsideDown UIInterfaceOrientationLandscapeLeft UIInterfaceOrientationLandscapeRight";
				INFOPLIST_KEY_UISupportedInterfaceOrientations_iPhone = "UIInterfaceOrientationPortrait UIInterfaceOrientationLandscapeLeft UIInterfaceOrientationLandscapeRight";
				IPHONEOS_DEPLOYMENT_TARGET = 15.3;
				LD_RUNPATH_SEARCH_PATHS = (
					"$(inherited)",
					"@executable_path/Frameworks",
				);
				MARKETING_VERSION = 1.0;
				PRODUCT_BUNDLE_IDENTIFIER = "Glushchenko.Sergei.English-Book";
				PRODUCT_NAME = "$(TARGET_NAME)";
				SWIFT_EMIT_LOC_STRINGS = YES;
				SWIFT_VERSION = 5.0;
				TARGETED_DEVICE_FAMILY = 1;
			};
			name = Debug;
		};
		04955A00287C68F200B482F8 /* Release */ = {
			isa = XCBuildConfiguration;
			baseConfigurationReference = 34405F7DCBE949490131A513 /* Pods-English Book.release.xcconfig */;
			buildSettings = {
				ASSETCATALOG_COMPILER_APPICON_NAME = AppIcon;
				ASSETCATALOG_COMPILER_GLOBAL_ACCENT_COLOR_NAME = AccentColor;
				CODE_SIGN_STYLE = Automatic;
				CURRENT_PROJECT_VERSION = 1;
				DEVELOPMENT_TEAM = WZJ6JFW8X2;
				GENERATE_INFOPLIST_FILE = YES;
				INFOPLIST_FILE = "English Book/Sistem/Info.plist";
				INFOPLIST_KEY_UIApplicationSupportsIndirectInputEvents = YES;
				INFOPLIST_KEY_UILaunchStoryboardName = LaunchScreen;
				INFOPLIST_KEY_UISupportedInterfaceOrientations = UIInterfaceOrientationPortrait;
				INFOPLIST_KEY_UISupportedInterfaceOrientations_iPad = "UIInterfaceOrientationPortrait UIInterfaceOrientationPortraitUpsideDown UIInterfaceOrientationLandscapeLeft UIInterfaceOrientationLandscapeRight";
				INFOPLIST_KEY_UISupportedInterfaceOrientations_iPhone = "UIInterfaceOrientationPortrait UIInterfaceOrientationLandscapeLeft UIInterfaceOrientationLandscapeRight";
				IPHONEOS_DEPLOYMENT_TARGET = 15.3;
				LD_RUNPATH_SEARCH_PATHS = (
					"$(inherited)",
					"@executable_path/Frameworks",
				);
				MARKETING_VERSION = 1.0;
				PRODUCT_BUNDLE_IDENTIFIER = "Glushchenko.Sergei.English-Book";
				PRODUCT_NAME = "$(TARGET_NAME)";
				SWIFT_EMIT_LOC_STRINGS = YES;
				SWIFT_VERSION = 5.0;
				TARGETED_DEVICE_FAMILY = 1;
			};
			name = Release;
		};
/* End XCBuildConfiguration section */

/* Begin XCConfigurationList section */
		049559E5287C68F000B482F8 /* Build configuration list for PBXProject "English Book" */ = {
			isa = XCConfigurationList;
			buildConfigurations = (
				049559FC287C68F200B482F8 /* Debug */,
				049559FD287C68F200B482F8 /* Release */,
			);
			defaultConfigurationIsVisible = 0;
			defaultConfigurationName = Release;
		};
		049559FE287C68F200B482F8 /* Build configuration list for PBXNativeTarget "English Book" */ = {
			isa = XCConfigurationList;
			buildConfigurations = (
				049559FF287C68F200B482F8 /* Debug */,
				04955A00287C68F200B482F8 /* Release */,
			);
			defaultConfigurationIsVisible = 0;
			defaultConfigurationName = Release;
		};
/* End XCConfigurationList section */

/* Begin XCVersionGroup section */
		04A87173288889AF00A719DD /* English Book.xcdatamodeld */ = {
			isa = XCVersionGroup;
			children = (
				04A87174288889AF00A719DD /* English Book.xcdatamodel */,
			);
			currentVersion = 04A87174288889AF00A719DD /* English Book.xcdatamodel */;
			path = "English Book.xcdatamodeld";
			sourceTree = "<group>";
			versionGroupType = wrapper.xcdatamodel;
		};
/* End XCVersionGroup section */
	};
	rootObject = 049559E2287C68F000B482F8 /* Project object */;
}
